# This file is autogenerated, do not edit; changes may be undone by the next 'dep ensure'.


[[projects]]
  digest = "1:c952f10089bb57d6e6d56d8880bcbb4d444b1d40b091354cb25b10a6c23b211a"
  name = "github.com/bxcodec/faker"
  packages = [
    ".",
    "support/slice",
  ]
  pruneopts = "UT"
  revision = "bfe096fd9e446fc441f79f1aa53cf1c9b5594179"
  version = "v2.0.1"

[[projects]]
  digest = "1:998cf998358a303ac2430c386ba3fd3398477d6013153d3c6e11432765cc9ae6"
  name = "github.com/cespare/xxhash"
  packages = ["."]
  pruneopts = "UT"
  revision = "3b82fb7d186719faeedd0c2864f868c74fbf79a1"
  version = "v2.0.0"

[[projects]]
  digest = "1:e4f5819333ac698d294fe04dbf640f84719658d5c7ce195b10060cc37292ce79"
  name = "github.com/golang/snappy"
  packages = ["."]
  pruneopts = "UT"
  revision = "2a8bb927dd31d8daada140a5d09578521ce5c36a"
  version = "v0.0.1"

[[projects]]
  digest = "1:582b704bebaa06b48c29b0cec224a6058a09c86883aaddabde889cd1a5f73e1b"
  name = "github.com/google/uuid"
  packages = ["."]
  pruneopts = "UT"
  revision = "0cd6bf5da1e1c83f8b45653022c74f71af0538a4"
  version = "v1.1.1"

[[projects]]
  digest = "1:e47ce9db1f402ee86ac1815fabeb7b7cb7760d427869d22dd7c74fb68875627b"
  name = "github.com/linkedin/goavro"
  packages = ["."]
  pruneopts = "UT"
  revision = "ed2b6675101501e2a4d2186875dd3953ca576fc7"
  version = "v2.8.5"

[[projects]]
  branch = "master"
  digest = "1:4f971e961cc101712d18dbbd532813bbcd08c9984acceb55dff3fb86ed62ed5f"
  name = "github.com/oliveagle/jsonpath"
  packages = ["."]
  pruneopts = "UT"
  revision = "2e52cf6e685269ed8aefec6390f3cac3ef74e730"

[[projects]]
  digest = "1:0aa9ff91c380827ac5c26d8a273ef2047a69375e42cf5d04abd0af03470c2c02"
  name = "github.com/pinpt/go-common"
  packages = [
    "datamodel",
    "datetime",
    "eventing",
    "fileutil",
    "hash",
    "json",
    "number",
    "slice",
    "strings",
  ]
  pruneopts = "UT"
  revision = "282488b09a34834955e2e8efa8300215a2434122"
  version = "9.0.0"

[[projects]]
  digest = "1:1cabe44fb226a08664539c7ff79f25940284d9e2116187a74c90472a51c257ca"
  name = "go.mongodb.org/mongo-driver"
  packages = ["bson/primitive"]
  pruneopts = "UT"
  revision = "0d1270edf53072da4da781b76d2e1db58831152f"
  version = "v1.0.4"

[solve-meta]
  analyzer-name = "dep"
  analyzer-version = 1
  input-imports = [
    "github.com/bxcodec/faker",
    "github.com/linkedin/goavro",
    "github.com/pinpt/go-common/datamodel",
    "github.com/pinpt/go-common/datetime",
    "github.com/pinpt/go-common/eventing",
    "github.com/pinpt/go-common/hash",
    "github.com/pinpt/go-common/json",
    "github.com/pinpt/go-common/number",
    "github.com/pinpt/go-common/slice",
    "github.com/pinpt/go-common/strings",
    "go.mongodb.org/mongo-driver/bson/primitive",
  ]
  solver-name = "gps-cdcl"
  solver-version = 1
